
Microsoft Visual Studio Solution File, Format Version 12.00
# Visual Studio Version 17
VisualStudioVersion = 17.2.32630.192
MinimumVisualStudioVersion = 10.0.40219.1
Project("{FAE04EC0-301F-11D3-BF4B-00C04F79EFBC}") = "BitirmeAPI", "BitirmeAPI\BitirmeAPI.csproj", "{EFFCC961-A163-4DCD-8FBF-AED407CEC47F}"
EndProject
Global
	GlobalSection(SolutionConfigurationPlatforms) = preSolution
		Debug|Any CPU = Debug|Any CPU
		Release|Any CPU = Release|Any CPU
	EndGlobalSection
	GlobalSection(ProjectConfigurationPlatforms) = postSolution
		{EFFCC961-A163-4DCD-8FBF-AED407CEC47F}.Debug|Any CPU.ActiveCfg = Debug|Any CPU
		{EFFCC961-A163-4DCD-8FBF-AED407CEC47F}.Debug|Any CPU.Build.0 = Debug|Any CPU
		{EFFCC961-A163-4DCD-8FBF-AED407CEC47F}.Release|Any CPU.ActiveCfg = Release|Any CPU
		{EFFCC961-A163-4DCD-8FBF-AED407CEC47F}.Release|Any CPU.Build.0 = Release|Any CPU
	EndGlobalSection
	GlobalSection(SolutionProperties) = preSolution
		HideSolutionNode = FALSE
	EndGlobalSection
	GlobalSection(ExtensibilityGlobals) = postSolution
		SolutionGuid = {E2206CBD-2E63-4B0D-8ACF-6E31A35BBE3D}
	EndGlobalSection
EndGlobal
